
Microsoft Visual Studio Solution File, Format Version 12.00
# Visual Studio 15
VisualStudioVersion = 15.0.28307.572
MinimumVisualStudioVersion = 10.0.40219.1
Project("{FAE04EC0-301F-11D3-BF4B-00C04F79EFBC}") = "Projeto002_TipoPaginaXF.Android", "Projeto002_TipoPaginaXF\Projeto002_TipoPaginaXF.Android\Projeto002_TipoPaginaXF.Android.csproj", "{598D3269-3D4E-4F54-9AA2-D2C4792F0B45}"
EndProject
Project("{FAE04EC0-301F-11D3-BF4B-00C04F79EFBC}") = "Projeto002_TipoPaginaXF.iOS", "Projeto002_TipoPaginaXF\Projeto002_TipoPaginaXF.iOS\Projeto002_TipoPaginaXF.iOS.csproj", "{CB1D68FC-5941-4103-874F-A9E5CE659D3A}"
EndProject
Project("{FAE04EC0-301F-11D3-BF4B-00C04F79EFBC}") = "Projeto002_TipoPaginaXF.UWP", "Projeto002_TipoPaginaXF\Projeto002_TipoPaginaXF.UWP\Projeto002_TipoPaginaXF.UWP.csproj", "{10B1DD4A-61FA-49DD-82C7-2297F3546DBD}"
EndProject
Project("{FAE04EC0-301F-11D3-BF4B-00C04F79EFBC}") = "Projeto002_TipoPaginaXF", "Projeto002_TipoPaginaXF\Projeto002_TipoPaginaXF\Projeto002_TipoPaginaXF.csproj", "{8AE91930-0ADE-4F41-AF1E-C4888C0E1562}"
EndProject
Global
	GlobalSection(SolutionConfigurationPlatforms) = preSolution
		Ad-Hoc|Any CPU = Ad-Hoc|Any CPU
		Ad-Hoc|ARM = Ad-Hoc|ARM
		Ad-Hoc|iPhone = Ad-Hoc|iPhone
		Ad-Hoc|iPhoneSimulator = Ad-Hoc|iPhoneSimulator
		Ad-Hoc|x64 = Ad-Hoc|x64
		Ad-Hoc|x86 = Ad-Hoc|x86
		AppStore|Any CPU = AppStore|Any CPU
		AppStore|ARM = AppStore|ARM
		AppStore|iPhone = AppStore|iPhone
		AppStore|iPhoneSimulator = AppStore|iPhoneSimulator
		AppStore|x64 = AppStore|x64
		AppStore|x86 = AppStore|x86
		Debug|Any CPU = Debug|Any CPU
		Debug|ARM = Debug|ARM
		Debug|iPhone = Debug|iPhone
		Debug|iPhoneSimulator = Debug|iPhoneSimulator
		Debug|x64 = Debug|x64
		Debug|x86 = Debug|x86
		Release|Any CPU = Release|Any CPU
		Release|ARM = Release|ARM
		Release|iPhone = Release|iPhone
		Release|iPhoneSimulator = Release|iPhoneSimulator
		Release|x64 = Release|x64
		Release|x86 = Release|x86
	EndGlobalSection
	GlobalSection(ProjectConfigurationPlatforms) = postSolution
		{598D3269-3D4E-4F54-9AA2-D2C4792F0B45}.Ad-Hoc|Any CPU.ActiveCfg = Release|Any CPU
		{598D3269-3D4E-4F54-9AA2-D2C4792F0B45}.Ad-Hoc|Any CPU.Build.0 = Release|Any CPU
		{598D3269-3D4E-4F54-9AA2-D2C4792F0B45}.Ad-Hoc|Any CPU.Deploy.0 = Release|Any CPU
		{598D3269-3D4E-4F54-9AA2-D2C4792F0B45}.Ad-Hoc|ARM.ActiveCfg = Release|Any CPU
		{598D3269-3D4E-4F54-9AA2-D2C4792F0B45}.Ad-Hoc|ARM.Build.0 = Release|Any CPU
		{598D3269-3D4E-4F54-9AA2-D2C4792F0B45}.Ad-Hoc|ARM.Deploy.0 = Release|Any CPU
		{598D3269-3D4E-4F54-9AA2-D2C4792F0B45}.Ad-Hoc|iPhone.ActiveCfg = Release|Any CPU
		{598D3269-3D4E-4F54-9AA2-D2C4792F0B45}.Ad-Hoc|iPhone.Build.0 = Release|Any CPU
		{598D3269-3D4E-4F54-9AA2-D2C4792F0B45}.Ad-Hoc|iPhone.Deploy.0 = Release|Any CPU
		{598D3269-3D4E-4F54-9AA2-D2C4792F0B45}.Ad-Hoc|iPhoneSimulator.ActiveCfg = Release|Any CPU
		{598D3269-3D4E-4F54-9AA2-D2C4792F0B45}.Ad-Hoc|iPhoneSimulator.Build.0 = Release|Any CPU
		{598D3269-3D4E-4F54-9AA2-D2C4792F0B45}.Ad-Hoc|iPhoneSimulator.Deploy.0 = Release|Any CPU
		{598D3269-3D4E-4F54-9AA2-D2C4792F0B45}.Ad-Hoc|x64.ActiveCfg = Release|Any CPU
		{598D3269-3D4E-4F54-9AA2-D2C4792F0B45}.Ad-Hoc|x64.Build.0 = Release|Any CPU
		{598D3269-3D4E-4F54-9AA2-D2C4792F0B45}.Ad-Hoc|x64.Deploy.0 = Release|Any CPU
		{598D3269-3D4E-4F54-9AA2-D2C4792F0B45}.Ad-Hoc|x86.ActiveCfg = Release|Any CPU
		{598D3269-3D4E-4F54-9AA2-D2C4792F0B45}.Ad-Hoc|x86.Build.0 = Release|Any CPU
		{598D3269-3D4E-4F54-9AA2-D2C4792F0B45}.Ad-Hoc|x86.Deploy.0 = Release|Any CPU
		{598D3269-3D4E-4F54-9AA2-D2C4792F0B45}.AppStore|Any CPU.ActiveCfg = Release|Any CPU
		{598D3269-3D4E-4F54-9AA2-D2C4792F0B45}.AppStore|Any CPU.Build.0 = Release|Any CPU
		{598D3269-3D4E-4F54-9AA2-D2C4792F0B45}.AppStore|Any CPU.Deploy.0 = Release|Any CPU
		{598D3269-3D4E-4F54-9AA2-D2C4792F0B45}.AppStore|ARM.ActiveCfg = Release|Any CPU
		{598D3269-3D4E-4F54-9AA2-D2C4792F0B45}.AppStore|ARM.Build.0 = Release|Any CPU
		{598D3269-3D4E-4F54-9AA2-D2C4792F0B45}.AppStore|ARM.Deploy.0 = Release|Any CPU
		{598D3269-3D4E-4F54-9AA2-D2C4792F0B45}.AppStore|iPhone.ActiveCfg = Release|Any CPU
		{598D3269-3D4E-4F54-9AA2-D2C4792F0B45}.AppStore|iPhone.Build.0 = Release|Any CPU
		{598D3269-3D4E-4F54-9AA2-D2C4792F0B45}.AppStore|iPhone.Deploy.0 = Release|Any CPU
		{598D3269-3D4E-4F54-9AA2-D2C4792F0B45}.AppStore|iPhoneSimulator.ActiveCfg = Release|Any CPU
		{598D3269-3D4E-4F54-9AA2-D2C4792F0B45}.AppStore|iPhoneSimulator.Build.0 = Release|Any CPU
		{598D3269-3D4E-4F54-9AA2-D2C4792F0B45}.AppStore|iPhoneSimulator.Deploy.0 = Release|Any CPU
		{598D3269-3D4E-4F54-9AA2-D2C4792F0B45}.AppStore|x64.ActiveCfg = Release|Any CPU
		{598D3269-3D4E-4F54-9AA2-D2C4792F0B45}.AppStore|x64.Build.0 = Release|Any CPU
		{598D3269-3D4E-4F54-9AA2-D2C4792F0B45}.AppStore|x64.Deploy.0 = Release|Any CPU
		{598D3269-3D4E-4F54-9AA2-D2C4792F0B45}.AppStore|x86.ActiveCfg = Release|Any CPU
		{598D3269-3D4E-4F54-9AA2-D2C4792F0B45}.AppStore|x86.Build.0 = Release|Any CPU
		{598D3269-3D4E-4F54-9AA2-D2C4792F0B45}.AppStore|x86.Deploy.0 = Release|Any CPU
		{598D3269-3D4E-4F54-9AA2-D2C4792F0B45}.Debug|Any CPU.ActiveCfg = Debug|Any CPU
		{598D3269-3D4E-4F54-9AA2-D2C4792F0B45}.Debug|Any CPU.Build.0 = Debug|Any CPU
		{598D3269-3D4E-4F54-9AA2-D2C4792F0B45}.Debug|Any CPU.Deploy.0 = Debug|Any CPU
		{598D3269-3D4E-4F54-9AA2-D2C4792F0B45}.Debug|ARM.ActiveCfg = Debug|Any CPU
		{598D3269-3D4E-4F54-9AA2-D2C4792F0B45}.Debug|ARM.Build.0 = Debug|Any CPU
		{598D3269-3D4E-4F54-9AA2-D2C4792F0B45}.Debug|ARM.Deploy.0 = Debug|Any CPU
		{598D3269-3D4E-4F54-9AA2-D2C4792F0B45}.Debug|iPhone.ActiveCfg = Debug|Any CPU
		{598D3269-3D4E-4F54-9AA2-D2C4792F0B45}.Debug|iPhone.Build.0 = Debug|Any CPU
		{598D3269-3D4E-4F54-9AA2-D2C4792F0B45}.Debug|iPhone.Deploy.0 = Debug|Any CPU
		{598D3269-3D4E-4F54-9AA2-D2C4792F0B45}.Debug|iPhoneSimulator.ActiveCfg = Debug|Any CPU
		{598D3269-3D4E-4F54-9AA2-D2C4792F0B45}.Debug|iPhoneSimulator.Build.0 = Debug|Any CPU
		{598D3269-3D4E-4F54-9AA2-D2C4792F0B45}.Debug|iPhoneSimulator.Deploy.0 = Debug|Any CPU
		{598D3269-3D4E-4F54-9AA2-D2C4792F0B45}.Debug|x64.ActiveCfg = Debug|Any CPU
		{598D3269-3D4E-4F54-9AA2-D2C4792F0B45}.Debug|x64.Build.0 = Debug|Any CPU
		{598D3269-3D4E-4F54-9AA2-D2C4792F0B45}.Debug|x64.Deploy.0 = Debug|Any CPU
		{598D3269-3D4E-4F54-9AA2-D2C4792F0B45}.Debug|x86.ActiveCfg = Debug|Any CPU
		{598D3269-3D4E-4F54-9AA2-D2C4792F0B45}.Debug|x86.Build.0 = Debug|Any CPU
		{598D3269-3D4E-4F54-9AA2-D2C4792F0B45}.Debug|x86.Deploy.0 = Debug|Any CPU
		{598D3269-3D4E-4F54-9AA2-D2C4792F0B45}.Release|Any CPU.ActiveCfg = Release|Any CPU
		{598D3269-3D4E-4F54-9AA2-D2C4792F0B45}.Release|Any CPU.Build.0 = Release|Any CPU
		{598D3269-3D4E-4F54-9AA2-D2C4792F0B45}.Release|Any CPU.Deploy.0 = Release|Any CPU
		{598D3269-3D4E-4F54-9AA2-D2C4792F0B45}.Release|ARM.ActiveCfg = Release|Any CPU
		{598D3269-3D4E-4F54-9AA2-D2C4792F0B45}.Release|ARM.Build.0 = Release|Any CPU
		{598D3269-3D4E-4F54-9AA2-D2C4792F0B45}.Release|ARM.Deploy.0 = Release|Any CPU
		{598D3269-3D4E-4F54-9AA2-D2C4792F0B45}.Release|iPhone.ActiveCfg = Release|Any CPU
		{598D3269-3D4E-4F54-9AA2-D2C4792F0B45}.Release|iPhone.Build.0 = Release|Any CPU
		{598D3269-3D4E-4F54-9AA2-D2C4792F0B45}.Release|iPhone.Deploy.0 = Release|Any CPU
		{598D3269-3D4E-4F54-9AA2-D2C4792F0B45}.Release|iPhoneSimulator.ActiveCfg = Release|Any CPU
		{598D3269-3D4E-4F54-9AA2-D2C4792F0B45}.Release|iPhoneSimulator.Build.0 = Release|Any CPU
		{598D3269-3D4E-4F54-9AA2-D2C4792F0B45}.Release|iPhoneSimulator.Deploy.0 = Release|Any CPU
		{598D3269-3D4E-4F54-9AA2-D2C4792F0B45}.Release|x64.ActiveCfg = Release|Any CPU
		{598D3269-3D4E-4F54-9AA2-D2C4792F0B45}.Release|x64.Build.0 = Release|Any CPU
		{598D3269-3D4E-4F54-9AA2-D2C4792F0B45}.Release|x64.Deploy.0 = Release|Any CPU
		{598D3269-3D4E-4F54-9AA2-D2C4792F0B45}.Release|x86.ActiveCfg = Release|Any CPU
		{598D3269-3D4E-4F54-9AA2-D2C4792F0B45}.Release|x86.Build.0 = Release|Any CPU
		{598D3269-3D4E-4F54-9AA2-D2C4792F0B45}.Release|x86.Deploy.0 = Release|Any CPU
		{CB1D68FC-5941-4103-874F-A9E5CE659D3A}.Ad-Hoc|Any CPU.ActiveCfg = Ad-Hoc|iPhone
		{CB1D68FC-5941-4103-874F-A9E5CE659D3A}.Ad-Hoc|Any CPU.Build.0 = Ad-Hoc|iPhone
		{CB1D68FC-5941-4103-874F-A9E5CE659D3A}.Ad-Hoc|Any CPU.Deploy.0 = Ad-Hoc|iPhone
		{CB1D68FC-5941-4103-874F-A9E5CE659D3A}.Ad-Hoc|ARM.ActiveCfg = Ad-Hoc|iPhone
		{CB1D68FC-5941-4103-874F-A9E5CE659D3A}.Ad-Hoc|ARM.Build.0 = Ad-Hoc|iPhone
		{CB1D68FC-5941-4103-874F-A9E5CE659D3A}.Ad-Hoc|ARM.Deploy.0 = Ad-Hoc|iPhone
		{CB1D68FC-5941-4103-874F-A9E5CE659D3A}.Ad-Hoc|iPhone.ActiveCfg = Ad-Hoc|iPhone
		{CB1D68FC-5941-4103-874F-A9E5CE659D3A}.Ad-Hoc|iPhone.Build.0 = Ad-Hoc|iPhone
		{CB1D68FC-5941-4103-874F-A9E5CE659D3A}.Ad-Hoc|iPhone.Deploy.0 = Ad-Hoc|iPhone
		{CB1D68FC-5941-4103-874F-A9E5CE659D3A}.Ad-Hoc|iPhoneSimulator.ActiveCfg = Ad-Hoc|iPhoneSimulator
		{CB1D68FC-5941-4103-874F-A9E5CE659D3A}.Ad-Hoc|iPhoneSimulator.Build.0 = Ad-Hoc|iPhoneSimulator
		{CB1D68FC-5941-4103-874F-A9E5CE659D3A}.Ad-Hoc|iPhoneSimulator.Deploy.0 = Ad-Hoc|iPhoneSimulator
		{CB1D68FC-5941-4103-874F-A9E5CE659D3A}.Ad-Hoc|x64.ActiveCfg = Ad-Hoc|iPhone
		{CB1D68FC-5941-4103-874F-A9E5CE659D3A}.Ad-Hoc|x64.Build.0 = Ad-Hoc|iPhone
		{CB1D68FC-5941-4103-874F-A9E5CE659D3A}.Ad-Hoc|x64.Deploy.0 = Ad-Hoc|iPhone
		{CB1D68FC-5941-4103-874F-A9E5CE659D3A}.Ad-Hoc|x86.ActiveCfg = Ad-Hoc|iPhone
		{CB1D68FC-5941-4103-874F-A9E5CE659D3A}.Ad-Hoc|x86.Build.0 = Ad-Hoc|iPhone
		{CB1D68FC-5941-4103-874F-A9E5CE659D3A}.Ad-Hoc|x86.Deploy.0 = Ad-Hoc|iPhone
		{CB1D68FC-5941-4103-874F-A9E5CE659D3A}.AppStore|Any CPU.ActiveCfg = AppStore|iPhone
		{CB1D68FC-5941-4103-874F-A9E5CE659D3A}.AppStore|Any CPU.Build.0 = AppStore|iPhone
		{CB1D68FC-5941-4103-874F-A9E5CE659D3A}.AppStore|Any CPU.Deploy.0 = AppStore|iPhone
		{CB1D68FC-5941-4103-874F-A9E5CE659D3A}.AppStore|ARM.ActiveCfg = AppStore|iPhone
		{CB1D68FC-5941-4103-874F-A9E5CE659D3A}.AppStore|ARM.Build.0 = AppStore|iPhone
		{CB1D68FC-5941-4103-874F-A9E5CE659D3A}.AppStore|ARM.Deploy.0 = AppStore|iPhone
		{CB1D68FC-5941-4103-874F-A9E5CE659D3A}.AppStore|iPhone.ActiveCfg = AppStore|iPhone
		{CB1D68FC-5941-4103-874F-A9E5CE659D3A}.AppStore|iPhone.Build.0 = AppStore|iPhone
		{CB1D68FC-5941-4103-874F-A9E5CE659D3A}.AppStore|iPhone.Deploy.0 = AppStore|iPhone
		{CB1D68FC-5941-4103-874F-A9E5CE659D3A}.AppStore|iPhoneSimulator.ActiveCfg = AppStore|iPhoneSimulator
		{CB1D68FC-5941-4103-874F-A9E5CE659D3A}.AppStore|iPhoneSimulator.Build.0 = AppStore|iPhoneSimulator
		{CB1D68FC-5941-4103-874F-A9E5CE659D3A}.AppStore|iPhoneSimulator.Deploy.0 = AppStore|iPhoneSimulator
		{CB1D68FC-5941-4103-874F-A9E5CE659D3A}.AppStore|x64.ActiveCfg = AppStore|iPhone
		{CB1D68FC-5941-4103-874F-A9E5CE659D3A}.AppStore|x64.Build.0 = AppStore|iPhone
		{CB1D68FC-5941-4103-874F-A9E5CE659D3A}.AppStore|x64.Deploy.0 = AppStore|iPhone
		{CB1D68FC-5941-4103-874F-A9E5CE659D3A}.AppStore|x86.ActiveCfg = AppStore|iPhone
		{CB1D68FC-5941-4103-874F-A9E5CE659D3A}.AppStore|x86.Build.0 = AppStore|iPhone
		{CB1D68FC-5941-4103-874F-A9E5CE659D3A}.AppStore|x86.Deploy.0 = AppStore|iPhone
		{CB1D68FC-5941-4103-874F-A9E5CE659D3A}.Debug|Any CPU.ActiveCfg = Debug|iPhoneSimulator
		{CB1D68FC-5941-4103-874F-A9E5CE659D3A}.Debug|Any CPU.Build.0 = Debug|iPhoneSimulator
		{CB1D68FC-5941-4103-874F-A9E5CE659D3A}.Debug|Any CPU.Deploy.0 = Debug|iPhoneSimulator
		{CB1D68FC-5941-4103-874F-A9E5CE659D3A}.Debug|ARM.ActiveCfg = Debug|iPhone
		{CB1D68FC-5941-4103-874F-A9E5CE659D3A}.Debug|ARM.Build.0 = Debug|iPhone
		{CB1D68FC-5941-4103-874F-A9E5CE659D3A}.Debug|ARM.Deploy.0 = Debug|iPhone
		{CB1D68FC-5941-4103-874F-A9E5CE659D3A}.Debug|iPhone.ActiveCfg = Debug|iPhone
		{CB1D68FC-5941-4103-874F-A9E5CE659D3A}.Debug|iPhone.Build.0 = Debug|iPhone
		{CB1D68FC-5941-4103-874F-A9E5CE659D3A}.Debug|iPhone.Deploy.0 = Debug|iPhone
		{CB1D68FC-5941-4103-874F-A9E5CE659D3A}.Debug|iPhoneSimulator.ActiveCfg = Debug|iPhoneSimulator
		{CB1D68FC-5941-4103-874F-A9E5CE659D3A}.Debug|iPhoneSimulator.Build.0 = Debug|iPhoneSimulator
		{CB1D68FC-5941-4103-874F-A9E5CE659D3A}.Debug|iPhoneSimulator.Deploy.0 = Debug|iPhoneSimulator
		{CB1D68FC-5941-4103-874F-A9E5CE659D3A}.Debug|x64.ActiveCfg = Debug|iPhone
		{CB1D68FC-5941-4103-874F-A9E5CE659D3A}.Debug|x64.Build.0 = Debug|iPhone
		{CB1D68FC-5941-4103-874F-A9E5CE659D3A}.Debug|x64.Deploy.0 = Debug|iPhone
		{CB1D68FC-5941-4103-874F-A9E5CE659D3A}.Debug|x86.ActiveCfg = Debug|iPhone
		{CB1D68FC-5941-4103-874F-A9E5CE659D3A}.Debug|x86.Build.0 = Debug|iPhone
		{CB1D68FC-5941-4103-874F-A9E5CE659D3A}.Debug|x86.Deploy.0 = Debug|iPhone
		{CB1D68FC-5941-4103-874F-A9E5CE659D3A}.Release|Any CPU.ActiveCfg = Release|iPhone
		{CB1D68FC-5941-4103-874F-A9E5CE659D3A}.Release|Any CPU.Build.0 = Release|iPhone
		{CB1D68FC-5941-4103-874F-A9E5CE659D3A}.Release|Any CPU.Deploy.0 = Release|iPhone
		{CB1D68FC-5941-4103-874F-A9E5CE659D3A}.Release|ARM.ActiveCfg = Release|iPhone
		{CB1D68FC-5941-4103-874F-A9E5CE659D3A}.Release|ARM.Build.0 = Release|iPhone
		{CB1D68FC-5941-4103-874F-A9E5CE659D3A}.Release|ARM.Deploy.0 = Release|iPhone
		{CB1D68FC-5941-4103-874F-A9E5CE659D3A}.Release|iPhone.ActiveCfg = Release|iPhone
		{CB1D68FC-5941-4103-874F-A9E5CE659D3A}.Release|iPhone.Build.0 = Release|iPhone
		{CB1D68FC-5941-4103-874F-A9E5CE659D3A}.Release|iPhone.Deploy.0 = Release|iPhone
		{CB1D68FC-5941-4103-874F-A9E5CE659D3A}.Release|iPhoneSimulator.ActiveCfg = Release|iPhoneSimulator
		{CB1D68FC-5941-4103-874F-A9E5CE659D3A}.Release|iPhoneSimulator.Build.0 = Release|iPhoneSimulator
		{CB1D68FC-5941-4103-874F-A9E5CE659D3A}.Release|iPhoneSimulator.Deploy.0 = Release|iPhoneSimulator
		{CB1D68FC-5941-4103-874F-A9E5CE659D3A}.Release|x64.ActiveCfg = Release|iPhone
		{CB1D68FC-5941-4103-874F-A9E5CE659D3A}.Release|x64.Build.0 = Release|iPhone
		{CB1D68FC-5941-4103-874F-A9E5CE659D3A}.Release|x64.Deploy.0 = Release|iPhone
		{CB1D68FC-5941-4103-874F-A9E5CE659D3A}.Release|x86.ActiveCfg = Release|iPhone
		{CB1D68FC-5941-4103-874F-A9E5CE659D3A}.Release|x86.Build.0 = Release|iPhone
		{CB1D68FC-5941-4103-874F-A9E5CE659D3A}.Release|x86.Deploy.0 = Release|iPhone
		{10B1DD4A-61FA-49DD-82C7-2297F3546DBD}.Ad-Hoc|Any CPU.ActiveCfg = Release|x86
		{10B1DD4A-61FA-49DD-82C7-2297F3546DBD}.Ad-Hoc|Any CPU.Build.0 = Release|x86
		{10B1DD4A-61FA-49DD-82C7-2297F3546DBD}.Ad-Hoc|Any CPU.Deploy.0 = Release|x86
		{10B1DD4A-61FA-49DD-82C7-2297F3546DBD}.Ad-Hoc|ARM.ActiveCfg = Release|ARM
		{10B1DD4A-61FA-49DD-82C7-2297F3546DBD}.Ad-Hoc|ARM.Build.0 = Release|ARM
		{10B1DD4A-61FA-49DD-82C7-2297F3546DBD}.Ad-Hoc|ARM.Deploy.0 = Release|ARM
		{10B1DD4A-61FA-49DD-82C7-2297F3546DBD}.Ad-Hoc|iPhone.ActiveCfg = Release|x86
		{10B1DD4A-61FA-49DD-82C7-2297F3546DBD}.Ad-Hoc|iPhone.Build.0 = Release|x86
		{10B1DD4A-61FA-49DD-82C7-2297F3546DBD}.Ad-Hoc|iPhone.Deploy.0 = Release|x86
		{10B1DD4A-61FA-49DD-82C7-2297F3546DBD}.Ad-Hoc|iPhoneSimulator.ActiveCfg = Release|x86
		{10B1DD4A-61FA-49DD-82C7-2297F3546DBD}.Ad-Hoc|iPhoneSimulator.Build.0 = Release|x86
		{10B1DD4A-61FA-49DD-82C7-2297F3546DBD}.Ad-Hoc|iPhoneSimulator.Deploy.0 = Release|x86
		{10B1DD4A-61FA-49DD-82C7-2297F3546DBD}.Ad-Hoc|x64.ActiveCfg = Release|x64
		{10B1DD4A-61FA-49DD-82C7-2297F3546DBD}.Ad-Hoc|x64.Build.0 = Release|x64
		{10B1DD4A-61FA-49DD-82C7-2297F3546DBD}.Ad-Hoc|x64.Deploy.0 = Release|x64
		{10B1DD4A-61FA-49DD-82C7-2297F3546DBD}.Ad-Hoc|x86.ActiveCfg = Release|x86
		{10B1DD4A-61FA-49DD-82C7-2297F3546DBD}.Ad-Hoc|x86.Build.0 = Release|x86
		{10B1DD4A-61FA-49DD-82C7-2297F3546DBD}.Ad-Hoc|x86.Deploy.0 = Release|x86
		{10B1DD4A-61FA-49DD-82C7-2297F3546DBD}.AppStore|Any CPU.ActiveCfg = Release|x86
		{10B1DD4A-61FA-49DD-82C7-2297F3546DBD}.AppStore|Any CPU.Build.0 = Release|x86
		{10B1DD4A-61FA-49DD-82C7-2297F3546DBD}.AppStore|Any CPU.Deploy.0 = Release|x86
		{10B1DD4A-61FA-49DD-82C7-2297F3546DBD}.AppStore|ARM.ActiveCfg = Release|ARM
		{10B1DD4A-61FA-49DD-82C7-2297F3546DBD}.AppStore|ARM.Build.0 = Release|ARM
		{10B1DD4A-61FA-49DD-82C7-2297F3546DBD}.AppStore|ARM.Deploy.0 = Release|ARM
		{10B1DD4A-61FA-49DD-82C7-2297F3546DBD}.AppStore|iPhone.ActiveCfg = Release|x86
		{10B1DD4A-61FA-49DD-82C7-2297F3546DBD}.AppStore|iPhone.Build.0 = Release|x86
		{10B1DD4A-61FA-49DD-82C7-2297F3546DBD}.AppStore|iPhone.Deploy.0 = Release|x86
		{10B1DD4A-61FA-49DD-82C7-2297F3546DBD}.AppStore|iPhoneSimulator.ActiveCfg = Release|x86
		{10B1DD4A-61FA-49DD-82C7-2297F3546DBD}.AppStore|iPhoneSimulator.Build.0 = Release|x86
		{10B1DD4A-61FA-49DD-82C7-2297F3546DBD}.AppStore|iPhoneSimulator.Deploy.0 = Release|x86
		{10B1DD4A-61FA-49DD-82C7-2297F3546DBD}.AppStore|x64.ActiveCfg = Release|x64
		{10B1DD4A-61FA-49DD-82C7-2297F3546DBD}.AppStore|x64.Build.0 = Release|x64
		{10B1DD4A-61FA-49DD-82C7-2297F3546DBD}.AppStore|x64.Deploy.0 = Release|x64
		{10B1DD4A-61FA-49DD-82C7-2297F3546DBD}.AppStore|x86.ActiveCfg = Release|x86
		{10B1DD4A-61FA-49DD-82C7-2297F3546DBD}.AppStore|x86.Build.0 = Release|x86
		{10B1DD4A-61FA-49DD-82C7-2297F3546DBD}.AppStore|x86.Deploy.0 = Release|x86
		{10B1DD4A-61FA-49DD-82C7-2297F3546DBD}.Debug|Any CPU.ActiveCfg = Debug|x86
		{10B1DD4A-61FA-49DD-82C7-2297F3546DBD}.Debug|Any CPU.Build.0 = Debug|x86
		{10B1DD4A-61FA-49DD-82C7-2297F3546DBD}.Debug|Any CPU.Deploy.0 = Debug|x86
		{10B1DD4A-61FA-49DD-82C7-2297F3546DBD}.Debug|ARM.ActiveCfg = Debug|ARM
		{10B1DD4A-61FA-49DD-82C7-2297F3546DBD}.Debug|ARM.Build.0 = Debug|ARM
		{10B1DD4A-61FA-49DD-82C7-2297F3546DBD}.Debug|ARM.Deploy.0 = Debug|ARM
		{10B1DD4A-61FA-49DD-82C7-2297F3546DBD}.Debug|iPhone.ActiveCfg = Debug|x86
		{10B1DD4A-61FA-49DD-82C7-2297F3546DBD}.Debug|iPhone.Build.0 = Debug|x86
		{10B1DD4A-61FA-49DD-82C7-2297F3546DBD}.Debug|iPhone.Deploy.0 = Debug|x86
		{10B1DD4A-61FA-49DD-82C7-2297F3546DBD}.Debug|iPhoneSimulator.ActiveCfg = Debug|x86
		{10B1DD4A-61FA-49DD-82C7-2297F3546DBD}.Debug|iPhoneSimulator.Build.0 = Debug|x86
		{10B1DD4A-61FA-49DD-82C7-2297F3546DBD}.Debug|iPhoneSimulator.Deploy.0 = Debug|x86
		{10B1DD4A-61FA-49DD-82C7-2297F3546DBD}.Debug|x64.ActiveCfg = Debug|x64
		{10B1DD4A-61FA-49DD-82C7-2297F3546DBD}.Debug|x64.Build.0 = Debug|x64
		{10B1DD4A-61FA-49DD-82C7-2297F3546DBD}.Debug|x64.Deploy.0 = Debug|x64
		{10B1DD4A-61FA-49DD-82C7-2297F3546DBD}.Debug|x86.ActiveCfg = Debug|x86
		{10B1DD4A-61FA-49DD-82C7-2297F3546DBD}.Debug|x86.Build.0 = Debug|x86
		{10B1DD4A-61FA-49DD-82C7-2297F3546DBD}.Debug|x86.Deploy.0 = Debug|x86
		{10B1DD4A-61FA-49DD-82C7-2297F3546DBD}.Release|Any CPU.ActiveCfg = Release|x86
		{10B1DD4A-61FA-49DD-82C7-2297F3546DBD}.Release|Any CPU.Build.0 = Release|x86
		{10B1DD4A-61FA-49DD-82C7-2297F3546DBD}.Release|Any CPU.Deploy.0 = Release|x86
		{10B1DD4A-61FA-49DD-82C7-2297F3546DBD}.Release|ARM.ActiveCfg = Release|ARM
		{10B1DD4A-61FA-49DD-82C7-2297F3546DBD}.Release|ARM.Build.0 = Release|ARM
		{10B1DD4A-61FA-49DD-82C7-2297F3546DBD}.Release|ARM.Deploy.0 = Release|ARM
		{10B1DD4A-61FA-49DD-82C7-2297F3546DBD}.Release|iPhone.ActiveCfg = Release|x86
		{10B1DD4A-61FA-49DD-82C7-2297F3546DBD}.Release|iPhone.Build.0 = Release|x86
		{10B1DD4A-61FA-49DD-82C7-2297F3546DBD}.Release|iPhone.Deploy.0 = Release|x86
		{10B1DD4A-61FA-49DD-82C7-2297F3546DBD}.Release|iPhoneSimulator.ActiveCfg = Release|x86
		{10B1DD4A-61FA-49DD-82C7-2297F3546DBD}.Release|iPhoneSimulator.Build.0 = Release|x86
		{10B1DD4A-61FA-49DD-82C7-2297F3546DBD}.Release|iPhoneSimulator.Deploy.0 = Release|x86
		{10B1DD4A-61FA-49DD-82C7-2297F3546DBD}.Release|x64.ActiveCfg = Release|x64
		{10B1DD4A-61FA-49DD-82C7-2297F3546DBD}.Release|x64.Build.0 = Release|x64
		{10B1DD4A-61FA-49DD-82C7-2297F3546DBD}.Release|x64.Deploy.0 = Release|x64
		{10B1DD4A-61FA-49DD-82C7-2297F3546DBD}.Release|x86.ActiveCfg = Release|x86
		{10B1DD4A-61FA-49DD-82C7-2297F3546DBD}.Release|x86.Build.0 = Release|x86
		{10B1DD4A-61FA-49DD-82C7-2297F3546DBD}.Release|x86.Deploy.0 = Release|x86
		{8AE91930-0ADE-4F41-AF1E-C4888C0E1562}.Ad-Hoc|Any CPU.ActiveCfg = Debug|Any CPU
		{8AE91930-0ADE-4F41-AF1E-C4888C0E1562}.Ad-Hoc|Any CPU.Build.0 = Debug|Any CPU
		{8AE91930-0ADE-4F41-AF1E-C4888C0E1562}.Ad-Hoc|Any CPU.Deploy.0 = Debug|Any CPU
		{8AE91930-0ADE-4F41-AF1E-C4888C0E1562}.Ad-Hoc|ARM.ActiveCfg = Debug|Any CPU
		{8AE91930-0ADE-4F41-AF1E-C4888C0E1562}.Ad-Hoc|ARM.Build.0 = Debug|Any CPU
		{8AE91930-0ADE-4F41-AF1E-C4888C0E1562}.Ad-Hoc|ARM.Deploy.0 = Debug|Any CPU
		{8AE91930-0ADE-4F41-AF1E-C4888C0E1562}.Ad-Hoc|iPhone.ActiveCfg = Debug|Any CPU
		{8AE91930-0ADE-4F41-AF1E-C4888C0E1562}.Ad-Hoc|iPhone.Build.0 = Debug|Any CPU
		{8AE91930-0ADE-4F41-AF1E-C4888C0E1562}.Ad-Hoc|iPhone.Deploy.0 = Debug|Any CPU
		{8AE91930-0ADE-4F41-AF1E-C4888C0E1562}.Ad-Hoc|iPhoneSimulator.ActiveCfg = Debug|Any CPU
		{8AE91930-0ADE-4F41-AF1E-C4888C0E1562}.Ad-Hoc|iPhoneSimulator.Build.0 = Debug|Any CPU
		{8AE91930-0ADE-4F41-AF1E-C4888C0E1562}.Ad-Hoc|iPhoneSimulator.Deploy.0 = Debug|Any CPU
		{8AE91930-0ADE-4F41-AF1E-C4888C0E1562}.Ad-Hoc|x64.ActiveCfg = Debug|Any CPU
		{8AE91930-0ADE-4F41-AF1E-C4888C0E1562}.Ad-Hoc|x64.Build.0 = Debug|Any CPU
		{8AE91930-0ADE-4F41-AF1E-C4888C0E1562}.Ad-Hoc|x64.Deploy.0 = Debug|Any CPU
		{8AE91930-0ADE-4F41-AF1E-C4888C0E1562}.Ad-Hoc|x86.ActiveCfg = Debug|Any CPU
		{8AE91930-0ADE-4F41-AF1E-C4888C0E1562}.Ad-Hoc|x86.Build.0 = Debug|Any CPU
		{8AE91930-0ADE-4F41-AF1E-C4888C0E1562}.Ad-Hoc|x86.Deploy.0 = Debug|Any CPU
		{8AE91930-0ADE-4F41-AF1E-C4888C0E1562}.AppStore|Any CPU.ActiveCfg = Debug|Any CPU
		{8AE91930-0ADE-4F41-AF1E-C4888C0E1562}.AppStore|Any CPU.Build.0 = Debug|Any CPU
		{8AE91930-0ADE-4F41-AF1E-C4888C0E1562}.AppStore|Any CPU.Deploy.0 = Debug|Any CPU
		{8AE91930-0ADE-4F41-AF1E-C4888C0E1562}.AppStore|ARM.ActiveCfg = Debug|Any CPU
		{8AE91930-0ADE-4F41-AF1E-C4888C0E1562}.AppStore|ARM.Build.0 = Debug|Any CPU
		{8AE91930-0ADE-4F41-AF1E-C4888C0E1562}.AppStore|ARM.Deploy.0 = Debug|Any CPU
		{8AE91930-0ADE-4F41-AF1E-C4888C0E1562}.AppStore|iPhone.ActiveCfg = Debug|Any CPU
		{8AE91930-0ADE-4F41-AF1E-C4888C0E1562}.AppStore|iPhone.Build.0 = Debug|Any CPU
		{8AE91930-0ADE-4F41-AF1E-C4888C0E1562}.AppStore|iPhone.Deploy.0 = Debug|Any CPU
		{8AE91930-0ADE-4F41-AF1E-C4888C0E1562}.AppStore|iPhoneSimulator.ActiveCfg = Debug|Any CPU
		{8AE91930-0ADE-4F41-AF1E-C4888C0E1562}.AppStore|iPhoneSimulator.Build.0 = Debug|Any CPU
		{8AE91930-0ADE-4F41-AF1E-C4888C0E1562}.AppStore|iPhoneSimulator.Deploy.0 = Debug|Any CPU
		{8AE91930-0ADE-4F41-AF1E-C4888C0E1562}.AppStore|x64.ActiveCfg = Debug|Any CPU
		{8AE91930-0ADE-4F41-AF1E-C4888C0E1562}.AppStore|x64.Build.0 = Debug|Any CPU
		{8AE91930-0ADE-4F41-AF1E-C4888C0E1562}.AppStore|x64.Deploy.0 = Debug|Any CPU
		{8AE91930-0ADE-4F41-AF1E-C4888C0E1562}.AppStore|x86.ActiveCfg = Debug|Any CPU
		{8AE91930-0ADE-4F41-AF1E-C4888C0E1562}.AppStore|x86.Build.0 = Debug|Any CPU
		{8AE91930-0ADE-4F41-AF1E-C4888C0E1562}.AppStore|x86.Deploy.0 = Debug|Any CPU
		{8AE91930-0ADE-4F41-AF1E-C4888C0E1562}.Debug|Any CPU.ActiveCfg = Debug|Any CPU
		{8AE91930-0ADE-4F41-AF1E-C4888C0E1562}.Debug|Any CPU.Build.0 = Debug|Any CPU
		{8AE91930-0ADE-4F41-AF1E-C4888C0E1562}.Debug|Any CPU.Deploy.0 = Debug|Any CPU
		{8AE91930-0ADE-4F41-AF1E-C4888C0E1562}.Debug|ARM.ActiveCfg = Debug|Any CPU
		{8AE91930-0ADE-4F41-AF1E-C4888C0E1562}.Debug|ARM.Build.0 = Debug|Any CPU
		{8AE91930-0ADE-4F41-AF1E-C4888C0E1562}.Debug|ARM.Deploy.0 = Debug|Any CPU
		{8AE91930-0ADE-4F41-AF1E-C4888C0E1562}.Debug|iPhone.ActiveCfg = Debug|Any CPU
		{8AE91930-0ADE-4F41-AF1E-C4888C0E1562}.Debug|iPhone.Build.0 = Debug|Any CPU
		{8AE91930-0ADE-4F41-AF1E-C4888C0E1562}.Debug|iPhone.Deploy.0 = Debug|Any CPU
		{8AE91930-0ADE-4F41-AF1E-C4888C0E1562}.Debug|iPhoneSimulator.ActiveCfg = Debug|Any CPU
		{8AE91930-0ADE-4F41-AF1E-C4888C0E1562}.Debug|iPhoneSimulator.Build.0 = Debug|Any CPU
		{8AE91930-0ADE-4F41-AF1E-C4888C0E1562}.Debug|iPhoneSimulator.Deploy.0 = Debug|Any CPU
		{8AE91930-0ADE-4F41-AF1E-C4888C0E1562}.Debug|x64.ActiveCfg = Debug|Any CPU
		{8AE91930-0ADE-4F41-AF1E-C4888C0E1562}.Debug|x64.Build.0 = Debug|Any CPU
		{8AE91930-0ADE-4F41-AF1E-C4888C0E1562}.Debug|x64.Deploy.0 = Debug|Any CPU
		{8AE91930-0ADE-4F41-AF1E-C4888C0E1562}.Debug|x86.ActiveCfg = Debug|Any CPU
		{8AE91930-0ADE-4F41-AF1E-C4888C0E1562}.Debug|x86.Build.0 = Debug|Any CPU
		{8AE91930-0ADE-4F41-AF1E-C4888C0E1562}.Debug|x86.Deploy.0 = Debug|Any CPU
		{8AE91930-0ADE-4F41-AF1E-C4888C0E1562}.Release|Any CPU.ActiveCfg = Release|Any CPU
		{8AE91930-0ADE-4F41-AF1E-C4888C0E1562}.Release|Any CPU.Build.0 = Release|Any CPU
		{8AE91930-0ADE-4F41-AF1E-C4888C0E1562}.Release|Any CPU.Deploy.0 = Release|Any CPU
		{8AE91930-0ADE-4F41-AF1E-C4888C0E1562}.Release|ARM.ActiveCfg = Release|Any CPU
		{8AE91930-0ADE-4F41-AF1E-C4888C0E1562}.Release|ARM.Build.0 = Release|Any CPU
		{8AE91930-0ADE-4F41-AF1E-C4888C0E1562}.Release|ARM.Deploy.0 = Release|Any CPU
		{8AE91930-0ADE-4F41-AF1E-C4888C0E1562}.Release|iPhone.ActiveCfg = Release|Any CPU
		{8AE91930-0ADE-4F41-AF1E-C4888C0E1562}.Release|iPhone.Build.0 = Release|Any CPU
		{8AE91930-0ADE-4F41-AF1E-C4888C0E1562}.Release|iPhone.Deploy.0 = Release|Any CPU
		{8AE91930-0ADE-4F41-AF1E-C4888C0E1562}.Release|iPhoneSimulator.ActiveCfg = Release|Any CPU
		{8AE91930-0ADE-4F41-AF1E-C4888C0E1562}.Release|iPhoneSimulator.Build.0 = Release|Any CPU
		{8AE91930-0ADE-4F41-AF1E-C4888C0E1562}.Release|iPhoneSimulator.Deploy.0 = Release|Any CPU
		{8AE91930-0ADE-4F41-AF1E-C4888C0E1562}.Release|x64.ActiveCfg = Release|Any CPU
		{8AE91930-0ADE-4F41-AF1E-C4888C0E1562}.Release|x64.Build.0 = Release|Any CPU
		{8AE91930-0ADE-4F41-AF1E-C4888C0E1562}.Release|x64.Deploy.0 = Release|Any CPU
		{8AE91930-0ADE-4F41-AF1E-C4888C0E1562}.Release|x86.ActiveCfg = Release|Any CPU
		{8AE91930-0ADE-4F41-AF1E-C4888C0E1562}.Release|x86.Build.0 = Release|Any CPU
		{8AE91930-0ADE-4F41-AF1E-C4888C0E1562}.Release|x86.Deploy.0 = Release|Any CPU
	EndGlobalSection
	GlobalSection(SolutionProperties) = preSolution
		HideSolutionNode = FALSE
	EndGlobalSection
	GlobalSection(ExtensibilityGlobals) = postSolution
		SolutionGuid = {F361B22F-7A8C-4F76-BD73-66A8624D83A9}
	EndGlobalSection
EndGlobal
